
Microsoft Visual Studio Solution File, Format Version 12.00
# Visual Studio Version 17
VisualStudioVersion = 17.10.34928.147
MinimumVisualStudioVersion = 10.0.40219.1
Project("{FAE04EC0-301F-11D3-BF4B-00C04F79EFBC}") = "PresProductCategory", "PresProductCategory\PresProductCategory.csproj", "{98C537B0-C076-4CE6-806A-05C2BACE360A}"
EndProject
Project("{FAE04EC0-301F-11D3-BF4B-00C04F79EFBC}") = "PresProductCategory.BLL", "PresProductCategory.BLL\PresProductCategory.BLL.csproj", "{A520FEAA-B5BD-4781-9BA7-9CCEC0795260}"
EndProject
Project("{FAE04EC0-301F-11D3-BF4B-00C04F79EFBC}") = "PresProductCategory.DAL", "PresProductCategory.DAL\PresProductCategory.DAL.csproj", "{765A55AC-B641-4C30-9A88-C96685CEDE28}"
EndProject
Global
	GlobalSection(SolutionConfigurationPlatforms) = preSolution
		Debug|Any CPU = Debug|Any CPU
		Release|Any CPU = Release|Any CPU
	EndGlobalSection
	GlobalSection(ProjectConfigurationPlatforms) = postSolution
		{98C537B0-C076-4CE6-806A-05C2BACE360A}.Debug|Any CPU.ActiveCfg = Debug|Any CPU
		{98C537B0-C076-4CE6-806A-05C2BACE360A}.Debug|Any CPU.Build.0 = Debug|Any CPU
		{98C537B0-C076-4CE6-806A-05C2BACE360A}.Release|Any CPU.ActiveCfg = Release|Any CPU
		{98C537B0-C076-4CE6-806A-05C2BACE360A}.Release|Any CPU.Build.0 = Release|Any CPU
		{A520FEAA-B5BD-4781-9BA7-9CCEC0795260}.Debug|Any CPU.ActiveCfg = Debug|Any CPU
		{A520FEAA-B5BD-4781-9BA7-9CCEC0795260}.Debug|Any CPU.Build.0 = Debug|Any CPU
		{A520FEAA-B5BD-4781-9BA7-9CCEC0795260}.Release|Any CPU.ActiveCfg = Release|Any CPU
		{A520FEAA-B5BD-4781-9BA7-9CCEC0795260}.Release|Any CPU.Build.0 = Release|Any CPU
		{765A55AC-B641-4C30-9A88-C96685CEDE28}.Debug|Any CPU.ActiveCfg = Debug|Any CPU
		{765A55AC-B641-4C30-9A88-C96685CEDE28}.Debug|Any CPU.Build.0 = Debug|Any CPU
		{765A55AC-B641-4C30-9A88-C96685CEDE28}.Release|Any CPU.ActiveCfg = Release|Any CPU
		{765A55AC-B641-4C30-9A88-C96685CEDE28}.Release|Any CPU.Build.0 = Release|Any CPU
	EndGlobalSection
	GlobalSection(SolutionProperties) = preSolution
		HideSolutionNode = FALSE
	EndGlobalSection
	GlobalSection(ExtensibilityGlobals) = postSolution
		SolutionGuid = {4932CCAF-06B5-48C2-BC30-C3183C6D45FC}
	EndGlobalSection
EndGlobal
